# THIS IS AN AUTOGENERATED FILE. DO NOT EDIT THIS FILE DIRECTLY.
# yarn lockfile v1


"@babel/runtime@^7.18.0", "@babel/runtime@^7.18.3", "@babel/runtime@^7.21.0", "@babel/runtime@^7.5.5", "@babel/runtime@^7.8.7":
  version "7.24.7"
  resolved "https://registry.npmjs.org/@babel/runtime/-/runtime-7.24.7.tgz#f4f0d5530e8dbdf59b3451b9b3e594b6ba082e12"
  integrity sha512-UwgBRMjJP+xv857DCngvqXI3Iq6J4v0wXmwc6sapg+zyhbwmQX67LUEFrkK5tbyJ30jGuG3ZvWpBiB9LCy1kWw==
  dependencies:
    regenerator-runtime "^0.14.0"

"@jest/schemas@^29.6.3":
  version "29.6.3"
  resolved "https://registry.yarnpkg.com/@jest/schemas/-/schemas-29.6.3.tgz#430b5ce8a4e0044a7e3819663305a7b3091c8e03"
  integrity sha512-mo5j5X+jIZmJQveBKeS/clAueipV7KgiX1vMgCxam1RNYiqE1w62n0/tJJnHtjW8ZHcQco5gY85jA3mi0L+nSA==
  dependencies:
    "@sinclair/typebox" "^0.27.8"

"@react-spring/animated@~9.7.3":
  version "9.7.3"
  resolved "https://registry.yarnpkg.com/@react-spring/animated/-/animated-9.7.3.tgz#4211b1a6d48da0ff474a125e93c0f460ff816e0f"
  integrity sha512-5CWeNJt9pNgyvuSzQH+uy2pvTg8Y4/OisoscZIR8/ZNLIOI+CatFBhGZpDGTF/OzdNFsAoGk3wiUYTwoJ0YIvw==
  dependencies:
    "@react-spring/shared" "~9.7.3"
    "@react-spring/types" "~9.7.3"

"@react-spring/core@~9.7.3":
  version "9.7.3"
  resolved "https://registry.yarnpkg.com/@react-spring/core/-/core-9.7.3.tgz#60056bcb397f2c4f371c6c9a5f882db77ae90095"
  integrity sha512-IqFdPVf3ZOC1Cx7+M0cXf4odNLxDC+n7IN3MDcVCTIOSBfqEcBebSv+vlY5AhM0zw05PDbjKrNmBpzv/AqpjnQ==
  dependencies:
    "@react-spring/animated" "~9.7.3"
    "@react-spring/shared" "~9.7.3"
    "@react-spring/types" "~9.7.3"

"@react-spring/shared@~9.7.3":
  version "9.7.3"
  resolved "https://registry.yarnpkg.com/@react-spring/shared/-/shared-9.7.3.tgz#4cf29797847c689912aec4e62e34c99a4d5d9e53"
  integrity sha512-NEopD+9S5xYyQ0pGtioacLhL2luflh6HACSSDUZOwLHoxA5eku1UPuqcJqjwSD6luKjjLfiLOspxo43FUHKKSA==
  dependencies:
    "@react-spring/types" "~9.7.3"

"@react-spring/types@~9.7.3":
  version "9.7.3"
  resolved "https://registry.yarnpkg.com/@react-spring/types/-/types-9.7.3.tgz#ea78fd447cbc2612c1f5d55852e3c331e8172a0b"
  integrity sha512-Kpx/fQ/ZFX31OtlqVEFfgaD1ACzul4NksrvIgYfIFq9JpDHFwQkMVZ10tbo0FU/grje4rcL4EIrjekl3kYwgWw==

"@react-spring/web@^9.4.5":
  version "9.7.3"
  resolved "https://registry.yarnpkg.com/@react-spring/web/-/web-9.7.3.tgz#d9f4e17fec259f1d65495a19502ada4f5b57fa3d"
  integrity sha512-BXt6BpS9aJL/QdVqEIX9YoUy8CE6TJrU0mNCqSoxdXlIeNcEBWOfIyE6B14ENNsyQKS3wOWkiJfco0tCr/9tUg==
  dependencies:
    "@react-spring/animated" "~9.7.3"
    "@react-spring/core" "~9.7.3"
    "@react-spring/shared" "~9.7.3"
    "@react-spring/types" "~9.7.3"

"@react-vant/icons@latest":
  version "0.1.0"
  resolved "https://registry.yarnpkg.com/@react-vant/icons/-/icons-0.1.0.tgz#d04df1fda7cbe63f1bcdaca3dd7852578632ace3"
  integrity sha512-slDFBZPN0QIQHDAMoWXE7nilbo3XXFi4p/2IjSSRH4HRm9BxocJ6Y/LIaI+bRX8nru+RzZ49PM26blrNuyxj2A==

"@sinclair/typebox@^0.27.8":
  version "0.27.8"
  resolved "https://registry.yarnpkg.com/@sinclair/typebox/-/typebox-0.27.8.tgz#6667fac16c436b5434a387a34dedb013198f6e6e"
  integrity sha512-+Fj43pSMwJs4KRrH/938Uf+uAELIgVBmQzg/q1YG10djyfA3TnrU8N8XzqCh/okZdszqBQTZf96idMfE5lnwTA==

"@types/cheerio@*":
  version "0.22.35"
  resolved "https://registry.yarnpkg.com/@types/cheerio/-/cheerio-0.22.35.tgz#0d16dc1f24d426231c181b9c31847f673867595f"
  integrity sha512-yD57BchKRvTV+JD53UZ6PD8KWY5g5rvvMLRnZR3EQBCZXiDT/HR+pKpMzFGlWNhFrXlo7VPZXtKvIEwZkAWOIA==
  dependencies:
    "@types/node" "*"

"@types/enzyme@^3.10.5":
  version "3.10.18"
  resolved "https://registry.yarnpkg.com/@types/enzyme/-/enzyme-3.10.18.tgz#86010e7cb56cf1450dd391b8cc3a788f6a6fadef"
  integrity sha512-RaO/TyyHZvXkpzinbMTZmd/S5biU4zxkvDsn22ujC29t9FMSzq8tnn8f2MxQ2P8GVhFRG5jTAL05DXKyTtpEQQ==
  dependencies:
    "@types/cheerio" "*"
    "@types/react" "^16"

"@types/node@*":
  version "20.14.5"
  resolved "https://registry.yarnpkg.com/@types/node/-/node-20.14.5.tgz#fe35e3022ebe58b8f201580eb24e1fcfc0f2487d"
  integrity sha512-aoRR+fJkZT2l0aGOJhuA8frnCSoNX6W7U2mpNq63+BxBIj5BQFt8rHy627kijCmm63ijdSdwvGgpUsU6MBsZZA==
  dependencies:
    undici-types "~5.26.4"

"@types/prop-types@*":
  version "15.7.12"
  resolved "https://registry.yarnpkg.com/@types/prop-types/-/prop-types-15.7.12.tgz#12bb1e2be27293c1406acb6af1c3f3a1481d98c6"
  integrity sha512-5zvhXYtRNRluoE/jAp4GVsSduVUzNWKkOZrCDBWYtE7biZywwdC2AcEzg+cSMLFRfVgeAFqpfNabiPjxFddV1Q==

"@types/react@^16":
  version "16.14.60"
  resolved "https://registry.yarnpkg.com/@types/react/-/react-16.14.60.tgz#f7ab62a329b82826f12d02bc8031d4ef4b5e0d81"
  integrity sha512-wIFmnczGsTcgwCBeIYOuy2mdXEiKZ5znU/jNOnMZPQyCcIxauMGWlX0TNG4lZ7NxRKj7YUIZRneJQSSdB2jKgg==
  dependencies:
    "@types/prop-types" "*"
    "@types/scheduler" "^0.16"
    csstype "^3.0.2"

"@types/scheduler@^0.16":
  version "0.16.8"
  resolved "https://registry.yarnpkg.com/@types/scheduler/-/scheduler-0.16.8.tgz#ce5ace04cfeabe7ef87c0091e50752e36707deff"
  integrity sha512-WZLiwShhwLRmeV6zH+GkbOFT6Z6VklCItrDioxUnv+u4Ll+8vKeFySoFyK/0ctcRpOmwAicELfmys1sDc/Rw+A==

"@use-gesture/core@10.2.17":
  version "10.2.17"
  resolved "https://registry.yarnpkg.com/@use-gesture/core/-/core-10.2.17.tgz#dc78913cd5d105217c3f1d1c16a32ad6426a00ba"
  integrity sha512-62hCybe4x6oGZ1/JA9gSYIdghV1FqxCdvYWt9SqCEAAikwT1OmVl2Q/Uu8CP636L57D+DfXtw6PWM+fdhr4oJQ==

"@use-gesture/react@10.2.17":
  version "10.2.17"
  resolved "https://registry.yarnpkg.com/@use-gesture/react/-/react-10.2.17.tgz#00bc413da42a358dd3f9173c0631b54522e76614"
  integrity sha512-Vfrp1KgdYn/kOEUAYNXtGBCl2dr38s3G6rru1TOPs+cVUjfNyNxvJK56grUyJ336N3rQLK8F9G7+FfrHuc3g/Q==
  dependencies:
    "@use-gesture/core" "10.2.17"

"@vant/popperjs@^1.1.0":
  version "1.3.0"
  resolved "https://registry.yarnpkg.com/@vant/popperjs/-/popperjs-1.3.0.tgz#e0eff017124b5b2352ef3b36a6df06277f4400f2"
  integrity sha512-hB+czUG+aHtjhaEmCJDuXOep0YTZjdlRR+4MSmIFnkCQIxJaXLQdSsR90XWvAI2yvKUI7TCGqR8pQg2RtvkMHw==

ahooks@^3.0.8:
  version "3.8.0"
  resolved "https://registry.yarnpkg.com/ahooks/-/ahooks-3.8.0.tgz#62476bf3459862ff706de2189b87de5e4f49b298"
  integrity sha512-M01m+mxLRNNeJ/PCT3Fom26UyreTj6oMqJBetUrJnK4VNI5j6eMA543Xxo53OBXn6XibA2FXKcCCgrT6YCTtKQ==
  dependencies:
    "@babel/runtime" "^7.21.0"
    dayjs "^1.9.1"
    intersection-observer "^0.12.0"
    js-cookie "^2.x.x"
    lodash "^4.17.21"
    react-fast-compare "^3.2.2"
    resize-observer-polyfill "^1.5.1"
    screenfull "^5.0.0"
    tslib "^2.4.1"

ansi-styles@^4.1.0:
  version "4.3.0"
  resolved "https://registry.yarnpkg.com/ansi-styles/-/ansi-styles-4.3.0.tgz#edd803628ae71c04c85ae7a0906edad34b648937"
  integrity sha512-zbB9rCJAT1rbjiVDb2hqKFHNYLxgtk8NURxZ3IZwD3F6NtxbXZQCnnSi1Lkx+IDohdPlFp222wVALIheZJQSEg==
  dependencies:
    color-convert "^2.0.1"

ansi-styles@^5.0.0:
  version "5.2.0"
  resolved "https://registry.yarnpkg.com/ansi-styles/-/ansi-styles-5.2.0.tgz#07449690ad45777d1924ac2abb2fc8895dba836b"
  integrity sha512-Cxwpt2SfTzTtXcfOlzGEee8O+c+MmUgGrNiBcXnuWxuFJHe6a5Hz7qwhwe5OgaSYI0IJvkLqWX1ASG+cJOkEiA==

async-validator@^4.1.0:
  version "4.2.5"
  resolved "https://registry.yarnpkg.com/async-validator/-/async-validator-4.2.5.tgz#c96ea3332a521699d0afaaceed510a54656c6339"
  integrity sha512-7HhHjtERjqlNbZtqNqy2rckN/SpOOlmDliet+lP7k+eKZEjPk3DgyeU9lIXLdeLz0uBbbVp+9Qdow9wJWgwwfg==

chalk@^4.0.0:
  version "4.1.2"
  resolved "https://registry.yarnpkg.com/chalk/-/chalk-4.1.2.tgz#aac4e2b7734a740867aeb16bf02aad556a1e7a01"
  integrity sha512-oKnbhFyRIXpUuez8iBMmyEa4nbj4IOQyuhc/wy9kY7/WVPcwIO9VA668Pu8RkO7+0G76SLROeyw9CpQ061i4mA==
  dependencies:
    ansi-styles "^4.1.0"
    supports-color "^7.1.0"

clsx@1.2.1:
  version "1.2.1"
  resolved "https://registry.yarnpkg.com/clsx/-/clsx-1.2.1.tgz#0ddc4a20a549b59c93a4116bb26f5294ca17dc12"
  integrity sha512-EcR6r5a8bj6pu3ycsa/E/cKVGuTgZJZdsyUYHOksG/UHIiKfjxzRxYJpyVBwYaQeOvghal9fcc4PidlgzugAQg==

color-convert@^2.0.1:
  version "2.0.1"
  resolved "https://registry.yarnpkg.com/color-convert/-/color-convert-2.0.1.tgz#72d3a68d598c9bdb3af2ad1e84f21d896abd4de3"
  integrity sha512-RRECPsj7iu/xb5oKYcsFHSppFNnsj/52OVTRKb4zP5onXwVF3zVmmToNcOfGC+CRDpfK/U584fMg38ZHCaElKQ==
  dependencies:
    color-name "~1.1.4"

color-name@~1.1.4:
  version "1.1.4"
  resolved "https://registry.yarnpkg.com/color-name/-/color-name-1.1.4.tgz#c2a09a87acbde69543de6f63fa3995c826c536a2"
  integrity sha512-dOy+3AuW3a2wNbZHIuMZpTcgjGuLU/uBL/ubcZF9OXbDo8ff4O8yVp5Bf0efS8uEoYo5q4Fx7dY9OgQGXgAsQA==

csstype@^3.0.2:
  version "3.1.3"
  resolved "https://registry.yarnpkg.com/csstype/-/csstype-3.1.3.tgz#d80ff294d114fb0e6ac500fbf85b60137d7eff81"
  integrity sha512-M1uQkMl8rQK/szD0LNhtqxIPLpimGm8sOBwU7lLnCpSbTyY3yeU1Vc7l4KT5zT4s/yOxHH5O7tIuuLOCnLADRw==

dayjs@^1.9.1:
  version "1.11.11"
  resolved "https://registry.yarnpkg.com/dayjs/-/dayjs-1.11.11.tgz#dfe0e9d54c5f8b68ccf8ca5f72ac603e7e5ed59e"
  integrity sha512-okzr3f11N6WuqYtZSvm+F776mB41wRZMhKP+hc34YdW+KmtYYK9iqvHSwo2k9FEH3fhGXvOPV6yz2IcSrfRUDg==

diff-sequences@^29.6.3:
  version "29.6.3"
  resolved "https://registry.yarnpkg.com/diff-sequences/-/diff-sequences-29.6.3.tgz#4deaf894d11407c51efc8418012f9e70b84ea921"
  integrity sha512-EjePK1srD3P08o2j4f0ExnylqRs5B9tJjcp9t1krH2qRi8CCdsYfwe9JgSLurFBWwq4uOlipzfk5fHNvwFKr8Q==

dom-helpers@^5.0.1:
  version "5.2.1"
  resolved "https://registry.yarnpkg.com/dom-helpers/-/dom-helpers-5.2.1.tgz#d9400536b2bf8225ad98fe052e029451ac40e902"
  integrity sha512-nRCa7CK3VTrM2NmGkIy4cbK7IZlgBE/PYMn55rrXefr5xXDP0LdtfPnblFDoVdcAfslJ7or6iqAUnx0CCGIWQA==
  dependencies:
    "@babel/runtime" "^7.8.7"
    csstype "^3.0.2"

has-flag@^4.0.0:
  version "4.0.0"
  resolved "https://registry.yarnpkg.com/has-flag/-/has-flag-4.0.0.tgz#944771fd9c81c81265c4d6941860da06bb59479b"
  integrity sha512-EykJT/Q1KjTWctppgIAgfSO0tKVuZUjhgMr17kqTumMl6Afv3EISleU7qZUzoXDFTAHTDC4NOoG/ZxU3EvlMPQ==

intersection-observer@^0.12.0:
  version "0.12.2"
  resolved "https://registry.yarnpkg.com/intersection-observer/-/intersection-observer-0.12.2.tgz#4a45349cc0cd91916682b1f44c28d7ec737dc375"
  integrity sha512-7m1vEcPCxXYI8HqnL8CKI6siDyD+eIWSwgB3DZA+ZTogxk9I4CDnj4wilt9x/+/QbHI4YG5YZNmC6458/e9Ktg==

jest-diff@^29.2.0:
  version "29.7.0"
  resolved "https://registry.yarnpkg.com/jest-diff/-/jest-diff-29.7.0.tgz#017934a66ebb7ecf6f205e84699be10afd70458a"
  integrity sha512-LMIgiIrhigmPrs03JHpxUh2yISK3vLFPkAodPeo0+BuF7wA2FoQbkEg1u8gBYBThncu7e1oEDUfIXVuTqLRUjw==
  dependencies:
    chalk "^4.0.0"
    diff-sequences "^29.6.3"
    jest-get-type "^29.6.3"
    pretty-format "^29.7.0"

jest-get-type@^29.6.3:
  version "29.6.3"
  resolved "https://registry.yarnpkg.com/jest-get-type/-/jest-get-type-29.6.3.tgz#36f499fdcea197c1045a127319c0481723908fd1"
  integrity sha512-zrteXnqYxfQh7l5FHyL38jL39di8H8rHoecLH3JNxH3BwOrBsNeabdap5e0I23lD4HHI8W5VFBZqG4Eaq5LNcw==

jest-websocket-mock@^2.1.0:
  version "2.5.0"
  resolved "https://registry.yarnpkg.com/jest-websocket-mock/-/jest-websocket-mock-2.5.0.tgz#9e0b07e270bed0224a6d3269fc62625eaa4d465c"
  integrity sha512-a+UJGfowNIWvtIKIQBHoEWIUqRxxQHFx4CXT+R5KxxKBtEQ5rS3pPOV/5299sHzqbmeCzxxY5qE4+yfXePePig==
  dependencies:
    jest-diff "^29.2.0"
    mock-socket "^9.3.0"

js-cookie@^2.x.x:
  version "2.2.1"
  resolved "https://registry.yarnpkg.com/js-cookie/-/js-cookie-2.2.1.tgz#69e106dc5d5806894562902aa5baec3744e9b2b8"
  integrity sha512-HvdH2LzI/EAZcUwA8+0nKNtWHqS+ZmijLA30RwZA0bo7ToCckjK5MkGhjED9KoRcXO6BaGI3I9UIzSA1FKFPOQ==

"js-tokens@^3.0.0 || ^4.0.0":
  version "4.0.0"
  resolved "https://registry.npmjs.org/js-tokens/-/js-tokens-4.0.0.tgz#19203fb59991df98e3a287050d4647cdeaf32499"
  integrity sha512-RdJUflcE3cUzKiMqQgsCu06FPu9UdIJO0beYbPhHN4k6apgJtifcoCtT9bcxOpYBtpD2kCM6Sbzg4CausW/PKQ==

lodash@^4.17.21:
  version "4.17.21"
  resolved "https://registry.yarnpkg.com/lodash/-/lodash-4.17.21.tgz#679591c564c3bffaae8454cf0b3df370c3d6911c"
  integrity sha512-v2kDEe57lecTulaDIuNTPy3Ry4gLGJ6Z1O3vE1krgXZNrsQ+LFTGHVxVjcXPs17LhbZVGedAJv8XZ1tvj5FvSg==

loose-envify@^1.4.0:
  version "1.4.0"
  resolved "https://registry.yarnpkg.com/loose-envify/-/loose-envify-1.4.0.tgz#71ee51fa7be4caec1a63839f7e682d8132d30caf"
  integrity sha512-lyuxPGr/Wfhrlem2CL/UcnUc1zcqKAImBDzukY7Y5F/yQiNdko6+fRLevlw1HgMySw7f611UIY408EtxRSoK3Q==
  dependencies:
    js-tokens "^3.0.0 || ^4.0.0"

mock-socket@^9.0.3, mock-socket@^9.3.0:
  version "9.3.1"
  resolved "https://registry.yarnpkg.com/mock-socket/-/mock-socket-9.3.1.tgz#24fb00c2f573c84812aa4a24181bb025de80cc8e"
  integrity sha512-qxBgB7Qa2sEQgHFjj0dSigq7fX4k6Saisd5Nelwp2q8mlbAFh5dHV9JTTlF8viYJLSSWgMCZFUom8PJcMNBoJw==

object-assign@^4.1.1:
  version "4.1.1"
  resolved "https://registry.yarnpkg.com/object-assign/-/object-assign-4.1.1.tgz#2109adc7965887cfc05cbbd442cac8bfbb360863"
  integrity sha512-rJgTQnkUnH1sFw8yT6VSU3zD3sWmu6sZhIseY8VX+GRu3P6F7Fu+JNDoXfklElbLJSnc3FUQHVe4cU5hj+BcUg==

pretty-format@^29.7.0:
  version "29.7.0"
  resolved "https://registry.yarnpkg.com/pretty-format/-/pretty-format-29.7.0.tgz#ca42c758310f365bfa71a0bda0a807160b776812"
  integrity sha512-Pdlw/oPxN+aXdmM9R00JVC9WVFoCLTKJvDVLgmJ+qAffBMxsV85l/Lu7sNx4zSzPyoL2euImuEwHhOXdEgNFZQ==
  dependencies:
    "@jest/schemas" "^29.6.3"
    ansi-styles "^5.0.0"
    react-is "^18.0.0"

prop-types@^15.6.2:
  version "15.8.1"
  resolved "https://registry.yarnpkg.com/prop-types/-/prop-types-15.8.1.tgz#67d87bf1a694f48435cf332c24af10214a3140b5"
  integrity sha512-oj87CgZICdulUohogVAR7AjlC0327U4el4L6eAvOqCeudMDVU0NThNaV+b9Df4dXgSP1gXMTnPdhfe/2qDH5cg==
  dependencies:
    loose-envify "^1.4.0"
    object-assign "^4.1.1"
    react-is "^16.13.1"

rc-field-form@^1.26.4:
  version "1.44.0"
  resolved "https://registry.yarnpkg.com/rc-field-form/-/rc-field-form-1.44.0.tgz#a66548790fbcee8c5432e9f2efcd1b46b090984b"
  integrity sha512-el7w87fyDUsca63Y/s8qJcq9kNkf/J5h+iTdqG5WsSHLH0e6Usl7QuYSmSVzJMgtp40mOVZIY/W/QP9zwrp1FA==
  dependencies:
    "@babel/runtime" "^7.18.0"
    async-validator "^4.1.0"
    rc-util "^5.32.2"

rc-util@^5.32.2:
  version "5.43.0"
  resolved "https://registry.yarnpkg.com/rc-util/-/rc-util-5.43.0.tgz#bba91fbef2c3e30ea2c236893746f3e9b05ecc4c"
  integrity sha512-AzC7KKOXFqAdIBqdGWepL9Xn7cm3vnAmjlHqUnoQaTMZYhM4VlXGLkkHHxj/BZ7Td0+SOPKB4RGPboBVKT9htw==
  dependencies:
    "@babel/runtime" "^7.18.3"
    react-is "^18.2.0"

react-fast-compare@^3.2.2:
  version "3.2.2"
  resolved "https://registry.yarnpkg.com/react-fast-compare/-/react-fast-compare-3.2.2.tgz#929a97a532304ce9fee4bcae44234f1ce2c21d49"
  integrity sha512-nsO+KSNgo1SbJqJEYRE9ERzo7YtYbou/OqjSQKxV7jcKox7+usiUVZOAC+XnDOABXggQTno0Y1CpVnuWEc1boQ==

react-is@^16.13.1:
  version "16.13.1"
  resolved "https://registry.yarnpkg.com/react-is/-/react-is-16.13.1.tgz#789729a4dc36de2999dc156dd6c1d9c18cea56a4"
  integrity sha512-24e6ynE2H+OKt4kqsOvNd8kBpV65zoxbA4BVsEOB3ARVWQki/DHzaUoC5KuON/BiccDaCCTZBuOcfZs70kR8bQ==

react-is@^18.0.0, react-is@^18.2.0:
  version "18.3.1"
  resolved "https://registry.yarnpkg.com/react-is/-/react-is-18.3.1.tgz#e83557dc12eae63a99e003a46388b1dcbb44db7e"
  integrity sha512-/LLMVyas0ljjAtoYiPqYiL8VWXzUUdThrmU5+n20DZv+a+ClRoevUzw5JxU+Ieh5/c87ytoTBV9G1FiKfNJdmg==

react-transition-group@4.4.2:
  version "4.4.2"
  resolved "https://registry.yarnpkg.com/react-transition-group/-/react-transition-group-4.4.2.tgz#8b59a56f09ced7b55cbd53c36768b922890d5470"
  integrity sha512-/RNYfRAMlZwDSr6z4zNKV6xu53/e2BuaBbGhbyYIXTrmgu/bGHzmqOs7mJSJBHy9Ud+ApHx3QjrkKSp1pxvlFg==
  dependencies:
    "@babel/runtime" "^7.5.5"
    dom-helpers "^5.0.1"
    loose-envify "^1.4.0"
    prop-types "^15.6.2"

react-vant@3.0.0:
  version "3.0.0"
  resolved "https://registry.yarnpkg.com/react-vant/-/react-vant-3.0.0.tgz#90aec4ba56b52bc8d966d3fcea6f98e681d64064"
  integrity sha512-L+Y+wHkmne0e03YZrsqiaT66B/YPulQl95smp/DWnG3Fgmi2QnTMhUV9SVBmWNbrLJ0ARRBAvAnGFvOjCwLM0w==
  dependencies:
    "@react-spring/web" "^9.4.5"
    "@react-vant/icons" latest
    "@use-gesture/react" "10.2.17"
    "@vant/popperjs" "^1.1.0"
    clsx "1.2.1"
    rc-field-form "^1.26.4"
    react-is "^18.2.0"
    react-transition-group "4.4.2"
    tslib "^2.4.0"

regenerator-runtime@^0.14.0:
  version "0.14.1"
  resolved "https://registry.yarnpkg.com/regenerator-runtime/-/regenerator-runtime-0.14.1.tgz#356ade10263f685dda125100cd862c1db895327f"
  integrity sha512-dYnhHh0nJoMfnkZs6GmmhFknAGRrLznOu5nc9ML+EJxGvrx6H7teuevqVqCuPcPK//3eDrrjQhehXVx9cnkGdw==

resize-observer-polyfill@^1.5.1:
  version "1.5.1"
  resolved "https://registry.yarnpkg.com/resize-observer-polyfill/-/resize-observer-polyfill-1.5.1.tgz#0e9020dd3d21024458d4ebd27e23e40269810464"
  integrity sha512-LwZrotdHOo12nQuZlHEmtuXdqGoOD0OhaxopaNFxWzInpEgaLWoVuAMbTzixuosCx2nEG58ngzW3vxdWoxIgdg==

screenfull@^5.0.0:
  version "5.2.0"
  resolved "https://registry.yarnpkg.com/screenfull/-/screenfull-5.2.0.tgz#6533d524d30621fc1283b9692146f3f13a93d1ba"
  integrity sha512-9BakfsO2aUQN2K9Fdbj87RJIEZ82Q9IGim7FqM5OsebfoFC6ZHXgDq/KvniuLTPdeM8wY2o6Dj3WQ7KeQCj3cA==

supports-color@^7.1.0:
  version "7.2.0"
  resolved "https://registry.yarnpkg.com/supports-color/-/supports-color-7.2.0.tgz#1b7dcdcb32b8138801b3e478ba6a51caa89648da"
  integrity sha512-qpCAvRl9stuOHveKsn7HncJRvv501qIacKzQlO/+Lwxc9+0q2wLyv4Dfvt80/DPn2pqOBsJdDiogXGR9+OvwRw==
  dependencies:
    has-flag "^4.0.0"

tslib@^2.4.0, tslib@^2.4.1:
  version "2.6.3"
  resolved "https://registry.yarnpkg.com/tslib/-/tslib-2.6.3.tgz#0438f810ad7a9edcde7a241c3d80db693c8cbfe0"
  integrity sha512-xNvxJEOUiWPGhUuUdQgAJPKOOJfGnIyKySOc09XkKsgdUV/3E2zvwZYdejjmRgPCgcym1juLH3226yA7sEFJKQ==

undici-types@~5.26.4:
  version "5.26.5"
  resolved "https://registry.yarnpkg.com/undici-types/-/undici-types-5.26.5.tgz#bcd539893d00b56e964fd2657a4866b221a65617"
  integrity sha512-JlCMO+ehdEIKqlFxk6IfVoAUVmgz7cU7zD/h9XZ0qzeosSHmUJVOzSQvvYSYWXkFXC+IfLKSIffhv0sVZup6pA==
