# THIS IS AN AUTOGENERATED FILE. DO NOT EDIT THIS FILE DIRECTLY.
# yarn lockfile v1


"@ahooksjs/use-url-state@^2.5.8":
  version "2.5.12"
  resolved "https://registry.npmmirror.com/@ahooksjs/use-url-state/-/use-url-state-2.5.12.tgz#bd9e3a3c38e8d8ee8d4b3b8caaceb9db5b8a06be"
  integrity sha512-NrQuEtumTYNag8y/H8eByYU3An1a25EMKdxQnPsC1FVq2gmBny1AyKYFqC82PV3e4efi9F88Od/FgoNjsm1frg==
  dependencies:
    "@types/query-string" "^6.3.0"
    query-string "^6.9.0"

"@types/cheerio@*":
  version "0.22.31"
  resolved "https://registry.npmmirror.com/@types/cheerio/-/cheerio-0.22.31.tgz#b8538100653d6bb1b08a1e46dec75b4f2a5d5eb6"
  integrity sha512-Kt7Cdjjdi2XWSfrZ53v4Of0wG3ZcmaegFXjMmz9tfNrZSkzzo36G0AL1YqSdcIA78Etjt6E609pt5h1xnQkPUw==
  dependencies:
    "@types/node" "*"

"@types/enzyme@^3.10.5":
  version "3.10.12"
  resolved "https://registry.npmmirror.com/@types/enzyme/-/enzyme-3.10.12.tgz#ac4494801b38188935580642f772ad18f72c132f"
  integrity sha512-xryQlOEIe1TduDWAOphR0ihfebKFSWOXpIsk+70JskCfRfW+xALdnJ0r1ZOTo85F9Qsjk6vtlU7edTYHbls9tA==
  dependencies:
    "@types/cheerio" "*"
    "@types/react" "*"

"@types/js-cookie@^2.x.x":
  version "2.2.7"
  resolved "https://registry.npmmirror.com/@types/js-cookie/-/js-cookie-2.2.7.tgz#226a9e31680835a6188e887f3988e60c04d3f6a3"
  integrity sha512-aLkWa0C0vO5b4Sr798E26QgOkss68Un0bLjs7u9qxzPT5CG+8DuNTffWES58YzJs3hrVAOs1wonycqEBqNJubA==

"@types/node@*":
  version "17.0.29"
  resolved "https://registry.npmmirror.com/@types/node/-/node-17.0.29.tgz#7f2e1159231d4a077bb660edab0fde373e375a3d"
  integrity sha512-tx5jMmMFwx7wBwq/V7OohKDVb/JwJU5qCVkeLMh1//xycAJ/ESuw9aJ9SEtlCZDYi2pBfe4JkisSoAtbOsBNAA==

"@types/prop-types@*":
  version "15.7.5"
  resolved "https://registry.npmmirror.com/@types/prop-types/-/prop-types-15.7.5.tgz#5f19d2b85a98e9558036f6a3cacc8819420f05cf"
  integrity sha512-JCB8C6SnDoQf0cNycqd/35A7MjcnK+ZTqE7judS6o7utxUCg6imJg3QK2qzHKszlTjcj2cn+NwMB2i96ubpj7w==

"@types/query-string@^6.3.0":
  version "6.3.0"
  resolved "https://registry.npmmirror.com/@types/query-string/-/query-string-6.3.0.tgz#b6fa172a01405abcaedac681118e78429d62ea39"
  integrity sha512-yuIv/WRffRzL7cBW+sla4HwBZrEXRNf1MKQ5SklPEadth+BKbDxiVG8A3iISN5B3yC4EeSCzMZP8llHTcUhOzQ==
  dependencies:
    query-string "*"

"@types/react@*":
  version "18.0.8"
  resolved "https://registry.npmmirror.com/@types/react/-/react-18.0.8.tgz#a051eb380a9fbcaa404550543c58e1cf5ce4ab87"
  integrity sha512-+j2hk9BzCOrrOSJASi5XiOyBbERk9jG5O73Ya4M0env5Ixi6vUNli4qy994AINcEF+1IEHISYFfIT4zwr++LKw==
  dependencies:
    "@types/prop-types" "*"
    "@types/scheduler" "*"
    csstype "^3.0.2"

"@types/scheduler@*":
  version "0.16.2"
  resolved "https://registry.npmmirror.com/@types/scheduler/-/scheduler-0.16.2.tgz#1a62f89525723dde24ba1b01b092bf5df8ad4d39"
  integrity sha512-hppQEBDmlwhFAXKJX2KnWLYu5yMfi91yazPb2l+lbJiwW+wdo1gNeRA+3RgNSO39WYX2euey41KEwnqesU2Jew==

ahooks-v3-count@^1.0.0:
  version "1.0.0"
  resolved "https://registry.npmmirror.com/ahooks-v3-count/-/ahooks-v3-count-1.0.0.tgz#ddeb392e009ad6e748905b3cbf63a9fd8262ca80"
  integrity sha512-V7uUvAwnimu6eh/PED4mCDjE7tokeZQLKlxg9lCTMPhN+NjsSbtdacByVlR1oluXQzD3MOw55wylDmQo4+S9ZQ==

ahooks@^3.0.8:
  version "3.3.10"
  resolved "https://registry.npmmirror.com/ahooks/-/ahooks-3.3.10.tgz#a65782b0ce29df3508b5ca76355fb3005d64a011"
  integrity sha512-CNZQRnNkvbafV5qdGcx7AT81XJNPa7vAo1XoShvdI8s6oHigTrmc+kWkyWWEywiEchF992Z6oIQEXkSsL034fw==
  dependencies:
    "@types/js-cookie" "^2.x.x"
    ahooks-v3-count "^1.0.0"
    dayjs "^1.9.1"
    intersection-observer "^0.12.0"
    js-cookie "^2.x.x"
    lodash "^4.17.21"
    resize-observer-polyfill "^1.5.1"
    screenfull "^5.0.0"

ansi-regex@^5.0.1:
  version "5.0.1"
  resolved "https://registry.npmmirror.com/ansi-regex/-/ansi-regex-5.0.1.tgz#082cb2c89c9fe8659a311a53bd6a4dc5301db304"
  integrity sha512-quJQXlTSUGL2LH9SUXo8VwsY4soanhgo6LNSm84E1LBcE8s3O0wpdiRzyR9z/ZZJMlMWv37qOOb9pdJlMUEKFQ==

ansi-styles@^4.1.0:
  version "4.3.0"
  resolved "https://registry.npmmirror.com/ansi-styles/-/ansi-styles-4.3.0.tgz#edd803628ae71c04c85ae7a0906edad34b648937"
  integrity sha512-zbB9rCJAT1rbjiVDb2hqKFHNYLxgtk8NURxZ3IZwD3F6NtxbXZQCnnSi1Lkx+IDohdPlFp222wVALIheZJQSEg==
  dependencies:
    color-convert "^2.0.1"

ansi-styles@^5.0.0:
  version "5.2.0"
  resolved "https://registry.npmmirror.com/ansi-styles/-/ansi-styles-5.2.0.tgz#07449690ad45777d1924ac2abb2fc8895dba836b"
  integrity sha512-Cxwpt2SfTzTtXcfOlzGEee8O+c+MmUgGrNiBcXnuWxuFJHe6a5Hz7qwhwe5OgaSYI0IJvkLqWX1ASG+cJOkEiA==

chalk@^4.0.0:
  version "4.1.2"
  resolved "https://registry.npmmirror.com/chalk/-/chalk-4.1.2.tgz#aac4e2b7734a740867aeb16bf02aad556a1e7a01"
  integrity sha512-oKnbhFyRIXpUuez8iBMmyEa4nbj4IOQyuhc/wy9kY7/WVPcwIO9VA668Pu8RkO7+0G76SLROeyw9CpQ061i4mA==
  dependencies:
    ansi-styles "^4.1.0"
    supports-color "^7.1.0"

color-convert@^2.0.1:
  version "2.0.1"
  resolved "https://registry.npmmirror.com/color-convert/-/color-convert-2.0.1.tgz#72d3a68d598c9bdb3af2ad1e84f21d896abd4de3"
  integrity sha512-RRECPsj7iu/xb5oKYcsFHSppFNnsj/52OVTRKb4zP5onXwVF3zVmmToNcOfGC+CRDpfK/U584fMg38ZHCaElKQ==
  dependencies:
    color-name "~1.1.4"

color-name@~1.1.4:
  version "1.1.4"
  resolved "https://registry.npmmirror.com/color-name/-/color-name-1.1.4.tgz#c2a09a87acbde69543de6f63fa3995c826c536a2"
  integrity sha512-dOy+3AuW3a2wNbZHIuMZpTcgjGuLU/uBL/ubcZF9OXbDo8ff4O8yVp5Bf0efS8uEoYo5q4Fx7dY9OgQGXgAsQA==

csstype@^3.0.2:
  version "3.0.11"
  resolved "https://registry.npmmirror.com/csstype/-/csstype-3.0.11.tgz#d66700c5eacfac1940deb4e3ee5642792d85cd33"
  integrity sha512-sa6P2wJ+CAbgyy4KFssIb/JNMLxFvKF1pCYCSXS8ZMuqZnMsrxqI2E5sPyoTpxoPU/gVZMzr2zjOfg8GIZOMsw==

dayjs@^1.9.1:
  version "1.11.1"
  resolved "https://registry.npmmirror.com/dayjs/-/dayjs-1.11.1.tgz#90b33a3dda3417258d48ad2771b415def6545eb0"
  integrity sha512-ER7EjqVAMkRRsxNCC5YqJ9d9VQYuWdGt7aiH2qA5R5wt8ZmWaP2dLUSIK6y/kVzLMlmh1Tvu5xUf4M/wdGJ5KA==

decode-uri-component@^0.2.0:
  version "0.2.0"
  resolved "https://registry.npmmirror.com/decode-uri-component/-/decode-uri-component-0.2.0.tgz#eb3913333458775cb84cd1a1fae062106bb87545"
  integrity sha512-hjf+xovcEn31w/EUYdTXQh/8smFL/dzYjohQGEIgjyNavaJfBY2p5F527Bo1VPATxv0VYTUC2bOcXvqFwk78Og==

diff-sequences@^27.5.1:
  version "27.5.1"
  resolved "https://registry.npmmirror.com/diff-sequences/-/diff-sequences-27.5.1.tgz#eaecc0d327fd68c8d9672a1e64ab8dccb2ef5327"
  integrity sha512-k1gCAXAsNgLwEL+Y8Wvl+M6oEFj5bgazfZULpS5CneoPPXRaCCW7dm+q21Ky2VEE5X+VeRDBVg1Pcvvsr4TtNQ==

filter-obj@^1.1.0:
  version "1.1.0"
  resolved "https://registry.npmmirror.com/filter-obj/-/filter-obj-1.1.0.tgz#9b311112bc6c6127a16e016c6c5d7f19e0805c5b"
  integrity sha512-8rXg1ZnX7xzy2NGDVkBVaAy+lSlPNwad13BtgSlLuxfIslyt5Vg64U7tFcCt4WS1R0hvtnQybT/IyCkGZ3DpXQ==

has-flag@^4.0.0:
  version "4.0.0"
  resolved "https://registry.npmmirror.com/has-flag/-/has-flag-4.0.0.tgz#944771fd9c81c81265c4d6941860da06bb59479b"
  integrity sha512-EykJT/Q1KjTWctppgIAgfSO0tKVuZUjhgMr17kqTumMl6Afv3EISleU7qZUzoXDFTAHTDC4NOoG/ZxU3EvlMPQ==

intersection-observer@^0.12.0:
  version "0.12.0"
  resolved "https://registry.npmmirror.com/intersection-observer/-/intersection-observer-0.12.0.tgz#6c84628f67ce8698e5f9ccf857d97718745837aa"
  integrity sha512-2Vkz8z46Dv401zTWudDGwO7KiGHNDkMv417T5ItcNYfmvHR/1qCTVBO9vwH8zZmQ0WkA/1ARwpysR9bsnop4NQ==

jest-diff@^27.0.2:
  version "27.5.1"
  resolved "https://registry.npmmirror.com/jest-diff/-/jest-diff-27.5.1.tgz#a07f5011ac9e6643cf8a95a462b7b1ecf6680def"
  integrity sha512-m0NvkX55LDt9T4mctTEgnZk3fmEg3NRYutvMPWM/0iPnkFj2wIeF45O1718cMSOFO1vINkqmxqD8vE37uTEbqw==
  dependencies:
    chalk "^4.0.0"
    diff-sequences "^27.5.1"
    jest-get-type "^27.5.1"
    pretty-format "^27.5.1"

jest-get-type@^27.5.1:
  version "27.5.1"
  resolved "https://registry.npmmirror.com/jest-get-type/-/jest-get-type-27.5.1.tgz#3cd613c507b0f7ace013df407a1c1cd578bcb4f1"
  integrity sha512-2KY95ksYSaK7DMBWQn6dQz3kqAf3BB64y2udeG+hv4KfSOb9qwcYQstTJc1KCbsix+wLZWZYN8t7nwX3GOBLRw==

jest-websocket-mock@^2.1.0:
  version "2.3.0"
  resolved "https://registry.npmmirror.com/jest-websocket-mock/-/jest-websocket-mock-2.3.0.tgz#317e7d7f8ba54ba632a7300777b02b7ebb606845"
  integrity sha512-kXhRRApRdT4hLG/4rhsfcR0Ke0OzqIsDj0P5t0dl5aiAftShSgoRqp/0pyjS5bh+b9GrIzmfkrV2cn9LxxvSvA==
  dependencies:
    jest-diff "^27.0.2"
    mock-socket "^9.1.0"

js-cookie@^2.x.x:
  version "2.2.1"
  resolved "https://registry.npmmirror.com/js-cookie/-/js-cookie-2.2.1.tgz#69e106dc5d5806894562902aa5baec3744e9b2b8"
  integrity sha512-HvdH2LzI/EAZcUwA8+0nKNtWHqS+ZmijLA30RwZA0bo7ToCckjK5MkGhjED9KoRcXO6BaGI3I9UIzSA1FKFPOQ==

lodash@^4.17.21:
  version "4.17.21"
  resolved "https://registry.npmmirror.com/lodash/-/lodash-4.17.21.tgz#679591c564c3bffaae8454cf0b3df370c3d6911c"
  integrity sha512-v2kDEe57lecTulaDIuNTPy3Ry4gLGJ6Z1O3vE1krgXZNrsQ+LFTGHVxVjcXPs17LhbZVGedAJv8XZ1tvj5FvSg==

mock-socket@^9.0.3, mock-socket@^9.1.0:
  version "9.1.3"
  resolved "https://registry.npmmirror.com/mock-socket/-/mock-socket-9.1.3.tgz#bcb106c6b345001fa7619466fcf2f8f5a156b10f"
  integrity sha512-uz8lx8c5wuJYJ21f5UtovqpV0+KJuVwE7cVOLNhrl2QW/CvmstOLRfjXnLSbfFHZtJtiaSGQu0oCJA8SmRcK6A==

pretty-format@^27.5.1:
  version "27.5.1"
  resolved "https://registry.npmmirror.com/pretty-format/-/pretty-format-27.5.1.tgz#2181879fdea51a7a5851fb39d920faa63f01d88e"
  integrity sha512-Qb1gy5OrP5+zDf2Bvnzdl3jsTf1qXVMazbvCoKhtKqVs4/YK4ozX4gKQJJVyNe+cajNPn0KoC0MC3FUmaHWEmQ==
  dependencies:
    ansi-regex "^5.0.1"
    ansi-styles "^5.0.0"
    react-is "^17.0.1"

query-string@*:
  version "7.1.1"
  resolved "https://registry.npmmirror.com/query-string/-/query-string-7.1.1.tgz#754620669db978625a90f635f12617c271a088e1"
  integrity sha512-MplouLRDHBZSG9z7fpuAAcI7aAYjDLhtsiVZsevsfaHWDS2IDdORKbSd1kWUA+V4zyva/HZoSfpwnYMMQDhb0w==
  dependencies:
    decode-uri-component "^0.2.0"
    filter-obj "^1.1.0"
    split-on-first "^1.0.0"
    strict-uri-encode "^2.0.0"

query-string@^6.9.0:
  version "6.14.1"
  resolved "https://registry.npmmirror.com/query-string/-/query-string-6.14.1.tgz#7ac2dca46da7f309449ba0f86b1fd28255b0c86a"
  integrity sha512-XDxAeVmpfu1/6IjyT/gXHOl+S0vQ9owggJ30hhWKdHAsNPOcasn5o9BW0eejZqL2e4vMjhAxoW3jVHcD6mbcYw==
  dependencies:
    decode-uri-component "^0.2.0"
    filter-obj "^1.1.0"
    split-on-first "^1.0.0"
    strict-uri-encode "^2.0.0"

react-is@^17.0.1:
  version "17.0.2"
  resolved "https://registry.npmmirror.com/react-is/-/react-is-17.0.2.tgz#e691d4a8e9c789365655539ab372762b0efb54f0"
  integrity sha512-w2GsyukL62IJnlaff/nRegPQR94C/XXamvMWmSHRJ4y7Ts/4ocGRmTHvOs8PSE6pB3dWOrD/nueuU5sduBsQ4w==

resize-observer-polyfill@^1.5.1:
  version "1.5.1"
  resolved "https://registry.npmmirror.com/resize-observer-polyfill/-/resize-observer-polyfill-1.5.1.tgz#0e9020dd3d21024458d4ebd27e23e40269810464"
  integrity sha512-LwZrotdHOo12nQuZlHEmtuXdqGoOD0OhaxopaNFxWzInpEgaLWoVuAMbTzixuosCx2nEG58ngzW3vxdWoxIgdg==

screenfull@^5.0.0:
  version "5.2.0"
  resolved "https://registry.npmmirror.com/screenfull/-/screenfull-5.2.0.tgz#6533d524d30621fc1283b9692146f3f13a93d1ba"
  integrity sha512-9BakfsO2aUQN2K9Fdbj87RJIEZ82Q9IGim7FqM5OsebfoFC6ZHXgDq/KvniuLTPdeM8wY2o6Dj3WQ7KeQCj3cA==

split-on-first@^1.0.0:
  version "1.1.0"
  resolved "https://registry.npmmirror.com/split-on-first/-/split-on-first-1.1.0.tgz#f610afeee3b12bce1d0c30425e76398b78249a5f"
  integrity sha512-43ZssAJaMusuKWL8sKUBQXHWOpq8d6CfN/u1p4gUzfJkM05C8rxTmYrkIPTXapZpORA6LkkzcUulJ8FqA7Uudw==

strict-uri-encode@^2.0.0:
  version "2.0.0"
  resolved "https://registry.npmmirror.com/strict-uri-encode/-/strict-uri-encode-2.0.0.tgz#b9c7330c7042862f6b142dc274bbcc5866ce3546"
  integrity sha512-QwiXZgpRcKkhTj2Scnn++4PKtWsH0kpzZ62L2R6c/LUVYv7hVnZqcg2+sMuT6R7Jusu1vviK/MFsu6kNJfWlEQ==

supports-color@^7.1.0:
  version "7.2.0"
  resolved "https://registry.npmmirror.com/supports-color/-/supports-color-7.2.0.tgz#1b7dcdcb32b8138801b3e478ba6a51caa89648da"
  integrity sha512-qpCAvRl9stuOHveKsn7HncJRvv501qIacKzQlO/+Lwxc9+0q2wLyv4Dfvt80/DPn2pqOBsJdDiogXGR9+OvwRw==
  dependencies:
    has-flag "^4.0.0"
