{
  "name": "a-base-icon",
  "version": "4.0.1",
  "lockfileVersion": 1,
  "requires": true,
  "dependencies": {
    "@types/insert-css": {
      "version": "2.0.3",
      "resolved": "https://registry.npmjs.org/@types/insert-css/-/insert-css-2.0.3.tgz",
      "integrity": "sha512-QgdWn3Mi9D1qqjCKy4PeC+tCasItQYOTk/S9icmHi8dgPx43aotI3cvyHsDaTN18uyYQ1kq/EIdJI0Dzsnm1Kg==",
      "dev": true
    },
    "classnames": {
      "version": "2.5.1",
      "resolved": "https://registry.npmjs.org/classnames/-/classnames-2.5.1.tgz",
      "integrity": "sha512-saHYOzhIQs6wy2sVxTM6bUDsQO4F50V9RQ22qBpEdCW+I+/Wmke2HOl6lS6dTpdxVhb88/I6+Hs+438c3lfUow=="
    },
    "insert-css": {
      "version": "2.0.0",
      "resolved": "https://registry.npmjs.org/insert-css/-/insert-css-2.0.0.tgz",
      "integrity": "sha512-xGq5ISgcUP5cvGkS2MMFLtPDBtrtQPSFfC6gA6U8wHKqfjTIMZLZNxOItQnoSjdOzlXOLU/yD32RKC4SvjNbtA=="
    }
  }
}
