# THIS IS AN AUTOGENERATED FILE. DO NOT EDIT THIS FILE DIRECTLY.
# yarn lockfile v1


"@types/insert-css@^2.0.1":
  version "2.0.1"
  resolved "https://registry.npmmirror.com/@types/insert-css/-/insert-css-2.0.1.tgz#742574b45c0e90615e56bc83ac7976ee21a6b3fc"
  integrity sha512-slUriXg8Y0JvpQoZlQ96bzzi86AU0DvtstKmGtBWpzJilFnpMUDbREi28Gpa+ZaIrTTCQUfvpDS7z7F1uwlYjQ==

classnames@^2.3.1:
  version "2.3.1"
  resolved "https://registry.npmmirror.com/classnames/-/classnames-2.3.1.tgz#dfcfa3891e306ec1dad105d0e88f4417b8535e8e"
  integrity sha512-OlQdbZ7gLfGarSqxesMesDa5uz7KFbID8Kpq/SxIoNGDqY8lSYs0D+hhtBXhcdB3rcbXArFr7vlHheLk1voeNA==

insert-css@^2.0.0:
  version "2.0.0"
  resolved "https://registry.npmmirror.com/insert-css/-/insert-css-2.0.0.tgz#eb5d1097b7542f4c79ea3060d3aee07d053880f4"
  integrity sha512-xGq5ISgcUP5cvGkS2MMFLtPDBtrtQPSFfC6gA6U8wHKqfjTIMZLZNxOItQnoSjdOzlXOLU/yD32RKC4SvjNbtA==
